{
  "originHash" : "4765e8c1c877252c4c8de3201881fa29eabacd209a91d96eafa457b844ec485b",
  "pins" : [
    {
      "identity" : "mth",
      "kind" : "remoteSourceControl",
      "location" : "https://github.com/ncmud/mth.git",
      "state" : {
        "revision" : "4d9b743558a6823011aaefa9a097e1f7c0f48f92",
        "version" : "2.1.1"
      }
    }
  ],
  "version" : 3
}
